// !$*UTF8*$!
{
	archiveVersion = 1;
	classes = {
	};
	objectVersion = 54;
	objects = {

/* Begin PBXBuildFile section */
		00E356F31AD99517003FC87E /* SBSTests.m in Sources */ = {isa = PBXBuildFile; fileRef = 00E356F21AD99517003FC87E /* SBSTests.m */; };
		13B07FBC1A68108700A75B9A /* AppDelegate.m in Sources */ = {isa = PBXBuildFile; fileRef = 13B07FB01A68108700A75B9A /* AppDelegate.m */; };
		13B07FBF1A68108700A75B9A /* Images.xcassets in Resources */ = {isa = PBXBuildFile; fileRef = 13B07FB51A68108700A75B9A /* Images.xcassets */; };
		13B07FC11A68108700A75B9A /* main.m in Sources */ = {isa = PBXBuildFile; fileRef = 13B07FB71A68108700A75B9A /* main.m */; };
		81AB9BB82411601600AC10FF /* LaunchScreen.storyboard in Resources */ = {isa = PBXBuildFile; fileRef = 81AB9BB72411601600AC10FF /* LaunchScreen.storyboard */; };
		981BD895CCDE43E49ECC41FB /* AntDesign.ttf in Resources */ = {isa = PBXBuildFile; fileRef = F1F8BE81284945959A5B4AB6 /* AntDesign.ttf */; };
		A0726B39276D4DEF93580D09 /* Entypo.ttf in Resources */ = {isa = PBXBuildFile; fileRef = F99DA67DA51C4F2AB1483AB9 /* Entypo.ttf */; };
		D2891717C3CF4FBBA16FF963 /* EvilIcons.ttf in Resources */ = {isa = PBXBuildFile; fileRef = B7A5887EE9DD49A3BC8BE459 /* EvilIcons.ttf */; };
		483F3B415BDE45C199427E6E /* Feather.ttf in Resources */ = {isa = PBXBuildFile; fileRef = DA3F0837234A47498927488C /* Feather.ttf */; };
		99244CB97BA1444CB0A04D7C /* FontAwesome.ttf in Resources */ = {isa = PBXBuildFile; fileRef = D57E5A8069AC40AF9ED5A53E /* FontAwesome.ttf */; };
		1AE95CF5CD1A40D3B1507333 /* FontAwesome5_Brands.ttf in Resources */ = {isa = PBXBuildFile; fileRef = DA26AB187DEB461591C0A4D2 /* FontAwesome5_Brands.ttf */; };
		C2C9198809514BF497D7C786 /* FontAwesome5_Regular.ttf in Resources */ = {isa = PBXBuildFile; fileRef = D29418264EE54518AA15FB2E /* FontAwesome5_Regular.ttf */; };
		A8238290223F41F892283989 /* FontAwesome5_Solid.ttf in Resources */ = {isa = PBXBuildFile; fileRef = C278565E1D974595BA23D76C /* FontAwesome5_Solid.ttf */; };
		1E67DC6417C3434589887883 /* Fontisto.ttf in Resources */ = {isa = PBXBuildFile; fileRef = 4ACB0B55280A4C3981E6805E /* Fontisto.ttf */; };
		005403480C4E4E57BB10485E /* Foundation.ttf in Resources */ = {isa = PBXBuildFile; fileRef = D072FDE73AE64EF0B478502A /* Foundation.ttf */; };
		CDC3A826715F4114822955F4 /* Ionicons.ttf in Resources */ = {isa = PBXBuildFile; fileRef = 5685BAC1A3104AE2A51B3EDC /* Ionicons.ttf */; };
		1EF7D1A10E5245D2926DE0F7 /* MaterialCommunityIcons.ttf in Resources */ = {isa = PBXBuildFile; fileRef = 41586D77CA0648788E5D9E41 /* MaterialCommunityIcons.ttf */; };
		26FB6463B9A34CC89985136D /* MaterialIcons.ttf in Resources */ = {isa = PBXBuildFile; fileRef = EA065490FCC749D49D3FDECC /* MaterialIcons.ttf */; };
		4B9F80CD4C4142CC96385A29 /* Octicons.ttf in Resources */ = {isa = PBXBuildFile; fileRef = B675A3597C344E79BB46DA33 /* Octicons.ttf */; };
		785B9DEB9CA54DCEA12756AD /* SimpleLineIcons.ttf in Resources */ = {isa = PBXBuildFile; fileRef = ACBC59B823A949BAAF8DED15 /* SimpleLineIcons.ttf */; };
		2D4249E0B0D84B0696514D85 /* Zocial.ttf in Resources */ = {isa = PBXBuildFile; fileRef = A0E071268A824C0A81D629FF /* Zocial.ttf */; };
		289A0069671D4C5A974ADDA4 /* Poppins-Black.ttf in Resources */ = {isa = PBXBuildFile; fileRef = CF80F469806B494DA02E88F9 /* Poppins-Black.ttf */; };
		0E26850DD370463DBD049571 /* Poppins-BlackItalic.ttf in Resources */ = {isa = PBXBuildFile; fileRef = 026C07917B1541E5B4FDE8F8 /* Poppins-BlackItalic.ttf */; };
		12C054F4F9574A6A94287AB9 /* Poppins-Bold.ttf in Resources */ = {isa = PBXBuildFile; fileRef = 6429108EF0424C03AB4DCAC5 /* Poppins-Bold.ttf */; };
		D890D6AC84284863B42CA985 /* Poppins-BoldItalic.ttf in Resources */ = {isa = PBXBuildFile; fileRef = 71C43EB78C72499597DF73EE /* Poppins-BoldItalic.ttf */; };
		B2DA3E3B3307471F8A518C99 /* Poppins-ExtraBold.ttf in Resources */ = {isa = PBXBuildFile; fileRef = 459B1E6DF21241E0B17524A4 /* Poppins-ExtraBold.ttf */; };
		84FB264E7F7C43AAB792DF00 /* Poppins-ExtraBoldItalic.ttf in Resources */ = {isa = PBXBuildFile; fileRef = 7AA44EDBE5584FEA8EFDEF33 /* Poppins-ExtraBoldItalic.ttf */; };
		B78852FF04D4461E9C9BBB8F /* Poppins-ExtraLight.ttf in Resources */ = {isa = PBXBuildFile; fileRef = 661FCA7E9ADA49249F72716A /* Poppins-ExtraLight.ttf */; };
		9951034C3BFC45259EB524E4 /* Poppins-ExtraLightItalic.ttf in Resources */ = {isa = PBXBuildFile; fileRef = 07D674B2C20F46F8B6864B36 /* Poppins-ExtraLightItalic.ttf */; };
		F723801E85974DC9875BE44B /* Poppins-Italic.ttf in Resources */ = {isa = PBXBuildFile; fileRef = 5B1A6FC904494B11A1D487EE /* Poppins-Italic.ttf */; };
		38F275009E7248C7BDB0E389 /* Poppins-Light.ttf in Resources */ = {isa = PBXBuildFile; fileRef = 22681ED991F44A76AAFF09E6 /* Poppins-Light.ttf */; };
		E38C877A738947619FCFAC21 /* Poppins-LightItalic.ttf in Resources */ = {isa = PBXBuildFile; fileRef = 02B57B57940349C1877E19A7 /* Poppins-LightItalic.ttf */; };
		5F32F5F81BA54C23998CCA9E /* Poppins-Medium.ttf in Resources */ = {isa = PBXBuildFile; fileRef = 02D43C595CF94F1B8B851AB0 /* Poppins-Medium.ttf */; };
		4E5028F914BF42CFACF0A731 /* Poppins-MediumItalic.ttf in Resources */ = {isa = PBXBuildFile; fileRef = 7B5FE4AB7718459D8A1BF66C /* Poppins-MediumItalic.ttf */; };
		017CBB29C7A546368522DE90 /* Poppins-Regular.ttf in Resources */ = {isa = PBXBuildFile; fileRef = D1C8F1CBF39F4DF19F50664E /* Poppins-Regular.ttf */; };
		265C65488279477895E81230 /* Poppins-SemiBold.ttf in Resources */ = {isa = PBXBuildFile; fileRef = E3C818DFE28E4C7FA9A1D076 /* Poppins-SemiBold.ttf */; };
		CAEE72E1B2E744C2B8BCEAAC /* Poppins-SemiBoldItalic.ttf in Resources */ = {isa = PBXBuildFile; fileRef = 710A8E5B0342472FAFF2C3C5 /* Poppins-SemiBoldItalic.ttf */; };
		AF7E63EBD4674FD68F7D70A9 /* Poppins-Thin.ttf in Resources */ = {isa = PBXBuildFile; fileRef = 9C01A98F891A45D0B1F04794 /* Poppins-Thin.ttf */; };
		93FF0A6B0FF74DB4A9AB8FC4 /* Poppins-ThinItalic.ttf in Resources */ = {isa = PBXBuildFile; fileRef = E5CF063143164DE49AF00F5D /* Poppins-ThinItalic.ttf */; };
		0ED79111912947F29230F491 /* Poppins-Black.ttf in Resources */ = {isa = PBXBuildFile; fileRef = 9278234CF5A64CE7839E04A4 /* Poppins-Black.ttf */; };
		03B604C350544166A1760195 /* Poppins-BlackItalic.ttf in Resources */ = {isa = PBXBuildFile; fileRef = EC97452E44204D3083BEF95A /* Poppins-BlackItalic.ttf */; };
		3D666CCFFD88451389912DD3 /* Poppins-Bold.ttf in Resources */ = {isa = PBXBuildFile; fileRef = AA81634151944B00A8F416A8 /* Poppins-Bold.ttf */; };
		91178759356549CEAA6A44F1 /* Poppins-BoldItalic.ttf in Resources */ = {isa = PBXBuildFile; fileRef = EC090708218442AE977EAE37 /* Poppins-BoldItalic.ttf */; };
		4EFDCBEF7EC142CA98E7448C /* Poppins-ExtraBold.ttf in Resources */ = {isa = PBXBuildFile; fileRef = 12C3D74A4170437799B5349C /* Poppins-ExtraBold.ttf */; };
		641978BDACE34DCBB6E12217 /* Poppins-ExtraBoldItalic.ttf in Resources */ = {isa = PBXBuildFile; fileRef = 918DE8BEC4EA4FA284C5AF6E /* Poppins-ExtraBoldItalic.ttf */; };
		A117D388EC834B81BC443AB1 /* Poppins-ExtraLight.ttf in Resources */ = {isa = PBXBuildFile; fileRef = D8835763F80449E4BEE942B9 /* Poppins-ExtraLight.ttf */; };
		48A90903F1B74563864BFC9A /* Poppins-ExtraLightItalic.ttf in Resources */ = {isa = PBXBuildFile; fileRef = 4A1F13EF2CD4405199E0DE30 /* Poppins-ExtraLightItalic.ttf */; };
		11FA636375624AF0A751443E /* Poppins-Italic.ttf in Resources */ = {isa = PBXBuildFile; fileRef = 4F8C51F6818948AEA5D9AB83 /* Poppins-Italic.ttf */; };
		42AB0E060F644845B5323AD4 /* Poppins-Light.ttf in Resources */ = {isa = PBXBuildFile; fileRef = BA49D9B85DF440E784642F84 /* Poppins-Light.ttf */; };
		D6BF9B8B8947414AAC5AC509 /* Poppins-LightItalic.ttf in Resources */ = {isa = PBXBuildFile; fileRef = 279B538FE3874A96B00DAD93 /* Poppins-LightItalic.ttf */; };
		ECD7533D231049F8857EF587 /* Poppins-Medium.ttf in Resources */ = {isa = PBXBuildFile; fileRef = 4E5FBB21049D49E8BB5AB11C /* Poppins-Medium.ttf */; };
		F3AC4AE9C3FE44B5A01EA273 /* Poppins-MediumItalic.ttf in Resources */ = {isa = PBXBuildFile; fileRef = 5E6061DB0EAD4E74B637029D /* Poppins-MediumItalic.ttf */; };
		E190E622973840448821090B /* Poppins-Regular.ttf in Resources */ = {isa = PBXBuildFile; fileRef = 73B9B6FB739F4438A13B1985 /* Poppins-Regular.ttf */; };
		D462F518C6B84B4D8247843A /* Poppins-SemiBold.ttf in Resources */ = {isa = PBXBuildFile; fileRef = 25F54ED2B4674581B75668E5 /* Poppins-SemiBold.ttf */; };
		D48FC2C78FBF4960B0E13C1F /* Poppins-SemiBoldItalic.ttf in Resources */ = {isa = PBXBuildFile; fileRef = ADFEF77D9D224B7791D94127 /* Poppins-SemiBoldItalic.ttf */; };
		839351A00B284D2881E1FCF8 /* Poppins-Thin.ttf in Resources */ = {isa = PBXBuildFile; fileRef = 109E0E8EE1054B2F940E78C7 /* Poppins-Thin.ttf */; };
		ABF148D7BC2C4BD2AA4CDDDF /* Poppins-ThinItalic.ttf in Resources */ = {isa = PBXBuildFile; fileRef = A1ACC179C96F456CA9B7D0AB /* Poppins-ThinItalic.ttf */; };
/* End PBXBuildFile section */

/* Begin PBXContainerItemProxy section */
		00E356F41AD99517003FC87E /* PBXContainerItemProxy */ = {
			isa = PBXContainerItemProxy;
			containerPortal = 83CBB9F71A601CBA00E9B192 /* Project object */;
			proxyType = 1;
			remoteGlobalIDString = 13B07F861A680F5B00A75B9A;
			remoteInfo = SBS;
		};
/* End PBXContainerItemProxy section */

/* Begin PBXFileReference section */
		00E356EE1AD99517003FC87E /* SBSTests.xctest */ = {isa = PBXFileReference; explicitFileType = wrapper.cfbundle; includeInIndex = 0; path = SBSTests.xctest; sourceTree = BUILT_PRODUCTS_DIR; };
		00E356F11AD99517003FC87E /* Info.plist */ = {isa = PBXFileReference; lastKnownFileType = text.plist.xml; path = Info.plist; sourceTree = "<group>"; };
		00E356F21AD99517003FC87E /* SBSTests.m */ = {isa = PBXFileReference; lastKnownFileType = sourcecode.c.objc; path = SBSTests.m; sourceTree = "<group>"; };
		13B07F961A680F5B00A75B9A /* SBS.app */ = {isa = PBXFileReference; explicitFileType = wrapper.application; includeInIndex = 0; path = SBS.app; sourceTree = BUILT_PRODUCTS_DIR; };
		13B07FAF1A68108700A75B9A /* AppDelegate.h */ = {isa = PBXFileReference; fileEncoding = 4; lastKnownFileType = sourcecode.c.h; name = AppDelegate.h; path = SBS/AppDelegate.h; sourceTree = "<group>"; };
		13B07FB01A68108700A75B9A /* AppDelegate.m */ = {isa = PBXFileReference; fileEncoding = 4; lastKnownFileType = sourcecode.c.objc; name = AppDelegate.m; path = SBS/AppDelegate.m; sourceTree = "<group>"; };
		13B07FB51A68108700A75B9A /* Images.xcassets */ = {isa = PBXFileReference; lastKnownFileType = folder.assetcatalog; name = Images.xcassets; path = SBS/Images.xcassets; sourceTree = "<group>"; };
		13B07FB61A68108700A75B9A /* Info.plist */ = {isa = PBXFileReference; fileEncoding = 4; lastKnownFileType = text.plist.xml; name = Info.plist; path = SBS/Info.plist; sourceTree = "<group>"; };
		13B07FB71A68108700A75B9A /* main.m */ = {isa = PBXFileReference; fileEncoding = 4; lastKnownFileType = sourcecode.c.objc; name = main.m; path = SBS/main.m; sourceTree = "<group>"; };
		81AB9BB72411601600AC10FF /* LaunchScreen.storyboard */ = {isa = PBXFileReference; fileEncoding = 4; lastKnownFileType = file.storyboard; name = LaunchScreen.storyboard; path = SBS/LaunchScreen.storyboard; sourceTree = "<group>"; };
		ED297162215061F000B7C4FE /* JavaScriptCore.framework */ = {isa = PBXFileReference; lastKnownFileType = wrapper.framework; name = JavaScriptCore.framework; path = System/Library/Frameworks/JavaScriptCore.framework; sourceTree = SDKROOT; };
		F1F8BE81284945959A5B4AB6 /* AntDesign.ttf */ = {isa = PBXFileReference; name = "AntDesign.ttf"; path = "../node_modules/react-native-vector-icons/Fonts/AntDesign.ttf"; sourceTree = "<group>"; fileEncoding = undefined; lastKnownFileType = unknown; explicitFileType = undefined; includeInIndex = 0; };
		F99DA67DA51C4F2AB1483AB9 /* Entypo.ttf */ = {isa = PBXFileReference; name = "Entypo.ttf"; path = "../node_modules/react-native-vector-icons/Fonts/Entypo.ttf"; sourceTree = "<group>"; fileEncoding = undefined; lastKnownFileType = unknown; explicitFileType = undefined; includeInIndex = 0; };
		B7A5887EE9DD49A3BC8BE459 /* EvilIcons.ttf */ = {isa = PBXFileReference; name = "EvilIcons.ttf"; path = "../node_modules/react-native-vector-icons/Fonts/EvilIcons.ttf"; sourceTree = "<group>"; fileEncoding = undefined; lastKnownFileType = unknown; explicitFileType = undefined; includeInIndex = 0; };
		DA3F0837234A47498927488C /* Feather.ttf */ = {isa = PBXFileReference; name = "Feather.ttf"; path = "../node_modules/react-native-vector-icons/Fonts/Feather.ttf"; sourceTree = "<group>"; fileEncoding = undefined; lastKnownFileType = unknown; explicitFileType = undefined; includeInIndex = 0; };
		D57E5A8069AC40AF9ED5A53E /* FontAwesome.ttf */ = {isa = PBXFileReference; name = "FontAwesome.ttf"; path = "../node_modules/react-native-vector-icons/Fonts/FontAwesome.ttf"; sourceTree = "<group>"; fileEncoding = undefined; lastKnownFileType = unknown; explicitFileType = undefined; includeInIndex = 0; };
		DA26AB187DEB461591C0A4D2 /* FontAwesome5_Brands.ttf */ = {isa = PBXFileReference; name = "FontAwesome5_Brands.ttf"; path = "../node_modules/react-native-vector-icons/Fonts/FontAwesome5_Brands.ttf"; sourceTree = "<group>"; fileEncoding = undefined; lastKnownFileType = unknown; explicitFileType = undefined; includeInIndex = 0; };
		D29418264EE54518AA15FB2E /* FontAwesome5_Regular.ttf */ = {isa = PBXFileReference; name = "FontAwesome5_Regular.ttf"; path = "../node_modules/react-native-vector-icons/Fonts/FontAwesome5_Regular.ttf"; sourceTree = "<group>"; fileEncoding = undefined; lastKnownFileType = unknown; explicitFileType = undefined; includeInIndex = 0; };
		C278565E1D974595BA23D76C /* FontAwesome5_Solid.ttf */ = {isa = PBXFileReference; name = "FontAwesome5_Solid.ttf"; path = "../node_modules/react-native-vector-icons/Fonts/FontAwesome5_Solid.ttf"; sourceTree = "<group>"; fileEncoding = undefined; lastKnownFileType = unknown; explicitFileType = undefined; includeInIndex = 0; };
		4ACB0B55280A4C3981E6805E /* Fontisto.ttf */ = {isa = PBXFileReference; name = "Fontisto.ttf"; path = "../node_modules/react-native-vector-icons/Fonts/Fontisto.ttf"; sourceTree = "<group>"; fileEncoding = undefined; lastKnownFileType = unknown; explicitFileType = undefined; includeInIndex = 0; };
		D072FDE73AE64EF0B478502A /* Foundation.ttf */ = {isa = PBXFileReference; name = "Foundation.ttf"; path = "../node_modules/react-native-vector-icons/Fonts/Foundation.ttf"; sourceTree = "<group>"; fileEncoding = undefined; lastKnownFileType = unknown; explicitFileType = undefined; includeInIndex = 0; };
		5685BAC1A3104AE2A51B3EDC /* Ionicons.ttf */ = {isa = PBXFileReference; name = "Ionicons.ttf"; path = "../node_modules/react-native-vector-icons/Fonts/Ionicons.ttf"; sourceTree = "<group>"; fileEncoding = undefined; lastKnownFileType = unknown; explicitFileType = undefined; includeInIndex = 0; };
		41586D77CA0648788E5D9E41 /* MaterialCommunityIcons.ttf */ = {isa = PBXFileReference; name = "MaterialCommunityIcons.ttf"; path = "../node_modules/react-native-vector-icons/Fonts/MaterialCommunityIcons.ttf"; sourceTree = "<group>"; fileEncoding = undefined; lastKnownFileType = unknown; explicitFileType = undefined; includeInIndex = 0; };
		EA065490FCC749D49D3FDECC /* MaterialIcons.ttf */ = {isa = PBXFileReference; name = "MaterialIcons.ttf"; path = "../node_modules/react-native-vector-icons/Fonts/MaterialIcons.ttf"; sourceTree = "<group>"; fileEncoding = undefined; lastKnownFileType = unknown; explicitFileType = undefined; includeInIndex = 0; };
		B675A3597C344E79BB46DA33 /* Octicons.ttf */ = {isa = PBXFileReference; name = "Octicons.ttf"; path = "../node_modules/react-native-vector-icons/Fonts/Octicons.ttf"; sourceTree = "<group>"; fileEncoding = undefined; lastKnownFileType = unknown; explicitFileType = undefined; includeInIndex = 0; };
		ACBC59B823A949BAAF8DED15 /* SimpleLineIcons.ttf */ = {isa = PBXFileReference; name = "SimpleLineIcons.ttf"; path = "../node_modules/react-native-vector-icons/Fonts/SimpleLineIcons.ttf"; sourceTree = "<group>"; fileEncoding = undefined; lastKnownFileType = unknown; explicitFileType = undefined; includeInIndex = 0; };
		A0E071268A824C0A81D629FF /* Zocial.ttf */ = {isa = PBXFileReference; name = "Zocial.ttf"; path = "../node_modules/react-native-vector-icons/Fonts/Zocial.ttf"; sourceTree = "<group>"; fileEncoding = undefined; lastKnownFileType = unknown; explicitFileType = undefined; includeInIndex = 0; };
		CF80F469806B494DA02E88F9 /* Poppins-Black.ttf */ = {isa = PBXFileReference; name = "Poppins-Black.ttf"; path = "../src/assets/fonts/Poppins-Black.ttf"; sourceTree = "<group>"; fileEncoding = undefined; lastKnownFileType = unknown; explicitFileType = undefined; includeInIndex = 0; };
		026C07917B1541E5B4FDE8F8 /* Poppins-BlackItalic.ttf */ = {isa = PBXFileReference; name = "Poppins-BlackItalic.ttf"; path = "../src/assets/fonts/Poppins-BlackItalic.ttf"; sourceTree = "<group>"; fileEncoding = undefined; lastKnownFileType = unknown; explicitFileType = undefined; includeInIndex = 0; };
		6429108EF0424C03AB4DCAC5 /* Poppins-Bold.ttf */ = {isa = PBXFileReference; name = "Poppins-Bold.ttf"; path = "../src/assets/fonts/Poppins-Bold.ttf"; sourceTree = "<group>"; fileEncoding = undefined; lastKnownFileType = unknown; explicitFileType = undefined; includeInIndex = 0; };
		71C43EB78C72499597DF73EE /* Poppins-BoldItalic.ttf */ = {isa = PBXFileReference; name = "Poppins-BoldItalic.ttf"; path = "../src/assets/fonts/Poppins-BoldItalic.ttf"; sourceTree = "<group>"; fileEncoding = undefined; lastKnownFileType = unknown; explicitFileType = undefined; includeInIndex = 0; };
		459B1E6DF21241E0B17524A4 /* Poppins-ExtraBold.ttf */ = {isa = PBXFileReference; name = "Poppins-ExtraBold.ttf"; path = "../src/assets/fonts/Poppins-ExtraBold.ttf"; sourceTree = "<group>"; fileEncoding = undefined; lastKnownFileType = unknown; explicitFileType = undefined; includeInIndex = 0; };
		7AA44EDBE5584FEA8EFDEF33 /* Poppins-ExtraBoldItalic.ttf */ = {isa = PBXFileReference; name = "Poppins-ExtraBoldItalic.ttf"; path = "../src/assets/fonts/Poppins-ExtraBoldItalic.ttf"; sourceTree = "<group>"; fileEncoding = undefined; lastKnownFileType = unknown; explicitFileType = undefined; includeInIndex = 0; };
		661FCA7E9ADA49249F72716A /* Poppins-ExtraLight.ttf */ = {isa = PBXFileReference; name = "Poppins-ExtraLight.ttf"; path = "../src/assets/fonts/Poppins-ExtraLight.ttf"; sourceTree = "<group>"; fileEncoding = undefined; lastKnownFileType = unknown; explicitFileType = undefined; includeInIndex = 0; };
		07D674B2C20F46F8B6864B36 /* Poppins-ExtraLightItalic.ttf */ = {isa = PBXFileReference; name = "Poppins-ExtraLightItalic.ttf"; path = "../src/assets/fonts/Poppins-ExtraLightItalic.ttf"; sourceTree = "<group>"; fileEncoding = undefined; lastKnownFileType = unknown; explicitFileType = undefined; includeInIndex = 0; };
		5B1A6FC904494B11A1D487EE /* Poppins-Italic.ttf */ = {isa = PBXFileReference; name = "Poppins-Italic.ttf"; path = "../src/assets/fonts/Poppins-Italic.ttf"; sourceTree = "<group>"; fileEncoding = undefined; lastKnownFileType = unknown; explicitFileType = undefined; includeInIndex = 0; };
		22681ED991F44A76AAFF09E6 /* Poppins-Light.ttf */ = {isa = PBXFileReference; name = "Poppins-Light.ttf"; path = "../src/assets/fonts/Poppins-Light.ttf"; sourceTree = "<group>"; fileEncoding = undefined; lastKnownFileType = unknown; explicitFileType = undefined; includeInIndex = 0; };
		02B57B57940349C1877E19A7 /* Poppins-LightItalic.ttf */ = {isa = PBXFileReference; name = "Poppins-LightItalic.ttf"; path = "../src/assets/fonts/Poppins-LightItalic.ttf"; sourceTree = "<group>"; fileEncoding = undefined; lastKnownFileType = unknown; explicitFileType = undefined; includeInIndex = 0; };
		02D43C595CF94F1B8B851AB0 /* Poppins-Medium.ttf */ = {isa = PBXFileReference; name = "Poppins-Medium.ttf"; path = "../src/assets/fonts/Poppins-Medium.ttf"; sourceTree = "<group>"; fileEncoding = undefined; lastKnownFileType = unknown; explicitFileType = undefined; includeInIndex = 0; };
		7B5FE4AB7718459D8A1BF66C /* Poppins-MediumItalic.ttf */ = {isa = PBXFileReference; name = "Poppins-MediumItalic.ttf"; path = "../src/assets/fonts/Poppins-MediumItalic.ttf"; sourceTree = "<group>"; fileEncoding = undefined; lastKnownFileType = unknown; explicitFileType = undefined; includeInIndex = 0; };
		D1C8F1CBF39F4DF19F50664E /* Poppins-Regular.ttf */ = {isa = PBXFileReference; name = "Poppins-Regular.ttf"; path = "../src/assets/fonts/Poppins-Regular.ttf"; sourceTree = "<group>"; fileEncoding = undefined; lastKnownFileType = unknown; explicitFileType = undefined; includeInIndex = 0; };
		E3C818DFE28E4C7FA9A1D076 /* Poppins-SemiBold.ttf */ = {isa = PBXFileReference; name = "Poppins-SemiBold.ttf"; path = "../src/assets/fonts/Poppins-SemiBold.ttf"; sourceTree = "<group>"; fileEncoding = undefined; lastKnownFileType = unknown; explicitFileType = undefined; includeInIndex = 0; };
		710A8E5B0342472FAFF2C3C5 /* Poppins-SemiBoldItalic.ttf */ = {isa = PBXFileReference; name = "Poppins-SemiBoldItalic.ttf"; path = "../src/assets/fonts/Poppins-SemiBoldItalic.ttf"; sourceTree = "<group>"; fileEncoding = undefined; lastKnownFileType = unknown; explicitFileType = undefined; includeInIndex = 0; };
		9C01A98F891A45D0B1F04794 /* Poppins-Thin.ttf */ = {isa = PBXFileReference; name = "Poppins-Thin.ttf"; path = "../src/assets/fonts/Poppins-Thin.ttf"; sourceTree = "<group>"; fileEncoding = undefined; lastKnownFileType = unknown; explicitFileType = undefined; includeInIndex = 0; };
		E5CF063143164DE49AF00F5D /* Poppins-ThinItalic.ttf */ = {isa = PBXFileReference; name = "Poppins-ThinItalic.ttf"; path = "../src/assets/fonts/Poppins-ThinItalic.ttf"; sourceTree = "<group>"; fileEncoding = undefined; lastKnownFileType = unknown; explicitFileType = undefined; includeInIndex = 0; };
		9278234CF5A64CE7839E04A4 /* Poppins-Black.ttf */ = {isa = PBXFileReference; name = "Poppins-Black.ttf"; path = "../assets/fonts/Poppins-Black.ttf"; sourceTree = "<group>"; fileEncoding = undefined; lastKnownFileType = unknown; explicitFileType = undefined; includeInIndex = 0; };
		EC97452E44204D3083BEF95A /* Poppins-BlackItalic.ttf */ = {isa = PBXFileReference; name = "Poppins-BlackItalic.ttf"; path = "../assets/fonts/Poppins-BlackItalic.ttf"; sourceTree = "<group>"; fileEncoding = undefined; lastKnownFileType = unknown; explicitFileType = undefined; includeInIndex = 0; };
		AA81634151944B00A8F416A8 /* Poppins-Bold.ttf */ = {isa = PBXFileReference; name = "Poppins-Bold.ttf"; path = "../assets/fonts/Poppins-Bold.ttf"; sourceTree = "<group>"; fileEncoding = undefined; lastKnownFileType = unknown; explicitFileType = undefined; includeInIndex = 0; };
		EC090708218442AE977EAE37 /* Poppins-BoldItalic.ttf */ = {isa = PBXFileReference; name = "Poppins-BoldItalic.ttf"; path = "../assets/fonts/Poppins-BoldItalic.ttf"; sourceTree = "<group>"; fileEncoding = undefined; lastKnownFileType = unknown; explicitFileType = undefined; includeInIndex = 0; };
		12C3D74A4170437799B5349C /* Poppins-ExtraBold.ttf */ = {isa = PBXFileReference; name = "Poppins-ExtraBold.ttf"; path = "../assets/fonts/Poppins-ExtraBold.ttf"; sourceTree = "<group>"; fileEncoding = undefined; lastKnownFileType = unknown; explicitFileType = undefined; includeInIndex = 0; };
		918DE8BEC4EA4FA284C5AF6E /* Poppins-ExtraBoldItalic.ttf */ = {isa = PBXFileReference; name = "Poppins-ExtraBoldItalic.ttf"; path = "../assets/fonts/Poppins-ExtraBoldItalic.ttf"; sourceTree = "<group>"; fileEncoding = undefined; lastKnownFileType = unknown; explicitFileType = undefined; includeInIndex = 0; };
		D8835763F80449E4BEE942B9 /* Poppins-ExtraLight.ttf */ = {isa = PBXFileReference; name = "Poppins-ExtraLight.ttf"; path = "../assets/fonts/Poppins-ExtraLight.ttf"; sourceTree = "<group>"; fileEncoding = undefined; lastKnownFileType = unknown; explicitFileType = undefined; includeInIndex = 0; };
		4A1F13EF2CD4405199E0DE30 /* Poppins-ExtraLightItalic.ttf */ = {isa = PBXFileReference; name = "Poppins-ExtraLightItalic.ttf"; path = "../assets/fonts/Poppins-ExtraLightItalic.ttf"; sourceTree = "<group>"; fileEncoding = undefined; lastKnownFileType = unknown; explicitFileType = undefined; includeInIndex = 0; };
		4F8C51F6818948AEA5D9AB83 /* Poppins-Italic.ttf */ = {isa = PBXFileReference; name = "Poppins-Italic.ttf"; path = "../assets/fonts/Poppins-Italic.ttf"; sourceTree = "<group>"; fileEncoding = undefined; lastKnownFileType = unknown; explicitFileType = undefined; includeInIndex = 0; };
		BA49D9B85DF440E784642F84 /* Poppins-Light.ttf */ = {isa = PBXFileReference; name = "Poppins-Light.ttf"; path = "../assets/fonts/Poppins-Light.ttf"; sourceTree = "<group>"; fileEncoding = undefined; lastKnownFileType = unknown; explicitFileType = undefined; includeInIndex = 0; };
		279B538FE3874A96B00DAD93 /* Poppins-LightItalic.ttf */ = {isa = PBXFileReference; name = "Poppins-LightItalic.ttf"; path = "../assets/fonts/Poppins-LightItalic.ttf"; sourceTree = "<group>"; fileEncoding = undefined; lastKnownFileType = unknown; explicitFileType = undefined; includeInIndex = 0; };
		4E5FBB21049D49E8BB5AB11C /* Poppins-Medium.ttf */ = {isa = PBXFileReference; name = "Poppins-Medium.ttf"; path = "../assets/fonts/Poppins-Medium.ttf"; sourceTree = "<group>"; fileEncoding = undefined; lastKnownFileType = unknown; explicitFileType = undefined; includeInIndex = 0; };
		5E6061DB0EAD4E74B637029D /* Poppins-MediumItalic.ttf */ = {isa = PBXFileReference; name = "Poppins-MediumItalic.ttf"; path = "../assets/fonts/Poppins-MediumItalic.ttf"; sourceTree = "<group>"; fileEncoding = undefined; lastKnownFileType = unknown; explicitFileType = undefined; includeInIndex = 0; };
		73B9B6FB739F4438A13B1985 /* Poppins-Regular.ttf */ = {isa = PBXFileReference; name = "Poppins-Regular.ttf"; path = "../assets/fonts/Poppins-Regular.ttf"; sourceTree = "<group>"; fileEncoding = undefined; lastKnownFileType = unknown; explicitFileType = undefined; includeInIndex = 0; };
		25F54ED2B4674581B75668E5 /* Poppins-SemiBold.ttf */ = {isa = PBXFileReference; name = "Poppins-SemiBold.ttf"; path = "../assets/fonts/Poppins-SemiBold.ttf"; sourceTree = "<group>"; fileEncoding = undefined; lastKnownFileType = unknown; explicitFileType = undefined; includeInIndex = 0; };
		ADFEF77D9D224B7791D94127 /* Poppins-SemiBoldItalic.ttf */ = {isa = PBXFileReference; name = "Poppins-SemiBoldItalic.ttf"; path = "../assets/fonts/Poppins-SemiBoldItalic.ttf"; sourceTree = "<group>"; fileEncoding = undefined; lastKnownFileType = unknown; explicitFileType = undefined; includeInIndex = 0; };
		109E0E8EE1054B2F940E78C7 /* Poppins-Thin.ttf */ = {isa = PBXFileReference; name = "Poppins-Thin.ttf"; path = "../assets/fonts/Poppins-Thin.ttf"; sourceTree = "<group>"; fileEncoding = undefined; lastKnownFileType = unknown; explicitFileType = undefined; includeInIndex = 0; };
		A1ACC179C96F456CA9B7D0AB /* Poppins-ThinItalic.ttf */ = {isa = PBXFileReference; name = "Poppins-ThinItalic.ttf"; path = "../assets/fonts/Poppins-ThinItalic.ttf"; sourceTree = "<group>"; fileEncoding = undefined; lastKnownFileType = unknown; explicitFileType = undefined; includeInIndex = 0; };
/* End PBXFileReference section */

/* Begin PBXFrameworksBuildPhase section */
		00E356EB1AD99517003FC87E /* Frameworks */ = {
			isa = PBXFrameworksBuildPhase;
			buildActionMask = 2147483647;
			files = (
			);
			runOnlyForDeploymentPostprocessing = 0;
		};
		13B07F8C1A680F5B00A75B9A /* Frameworks */ = {
			isa = PBXFrameworksBuildPhase;
			buildActionMask = 2147483647;
			files = (
			);
			runOnlyForDeploymentPostprocessing = 0;
		};
/* End PBXFrameworksBuildPhase section */

/* Begin PBXGroup section */
		00E356EF1AD99517003FC87E /* SBSTests */ = {
			isa = PBXGroup;
			children = (
				00E356F21AD99517003FC87E /* SBSTests.m */,
				00E356F01AD99517003FC87E /* Supporting Files */,
			);
			path = SBSTests;
			sourceTree = "<group>";
		};
		00E356F01AD99517003FC87E /* Supporting Files */ = {
			isa = PBXGroup;
			children = (
				00E356F11AD99517003FC87E /* Info.plist */,
			);
			name = "Supporting Files";
			sourceTree = "<group>";
		};
		13B07FAE1A68108700A75B9A /* SBS */ = {
			isa = PBXGroup;
			children = (
				13B07FAF1A68108700A75B9A /* AppDelegate.h */,
				13B07FB01A68108700A75B9A /* AppDelegate.m */,
				13B07FB51A68108700A75B9A /* Images.xcassets */,
				13B07FB61A68108700A75B9A /* Info.plist */,
				81AB9BB72411601600AC10FF /* LaunchScreen.storyboard */,
				13B07FB71A68108700A75B9A /* main.m */,
			);
			name = SBS;
			sourceTree = "<group>";
		};
		2D16E6871FA4F8E400B85C8A /* Frameworks */ = {
			isa = PBXGroup;
			children = (
				ED297162215061F000B7C4FE /* JavaScriptCore.framework */,
			);
			name = Frameworks;
			sourceTree = "<group>";
		};
		832341AE1AAA6A7D00B99B32 /* Libraries */ = {
			isa = PBXGroup;
			children = (
			);
			name = Libraries;
			sourceTree = "<group>";
		};
		83CBB9F61A601CBA00E9B192 = {
			isa = PBXGroup;
			children = (
				13B07FAE1A68108700A75B9A /* SBS */,
				832341AE1AAA6A7D00B99B32 /* Libraries */,
				00E356EF1AD99517003FC87E /* SBSTests */,
				83CBBA001A601CBA00E9B192 /* Products */,
				2D16E6871FA4F8E400B85C8A /* Frameworks */,
				8861E60949644CE4A8C9C2C6 /* Resources */,
			);
			indentWidth = 2;
			sourceTree = "<group>";
			tabWidth = 2;
			usesTabs = 0;
		};
		83CBBA001A601CBA00E9B192 /* Products */ = {
			isa = PBXGroup;
			children = (
				13B07F961A680F5B00A75B9A /* SBS.app */,
				00E356EE1AD99517003FC87E /* SBSTests.xctest */,
			);
			name = Products;
			sourceTree = "<group>";
		};
		8861E60949644CE4A8C9C2C6 /* Resources */ = {
			isa = "PBXGroup";
			children = (
				F1F8BE81284945959A5B4AB6 /* AntDesign.ttf */,
				F99DA67DA51C4F2AB1483AB9 /* Entypo.ttf */,
				B7A5887EE9DD49A3BC8BE459 /* EvilIcons.ttf */,
				DA3F0837234A47498927488C /* Feather.ttf */,
				D57E5A8069AC40AF9ED5A53E /* FontAwesome.ttf */,
				DA26AB187DEB461591C0A4D2 /* FontAwesome5_Brands.ttf */,
				D29418264EE54518AA15FB2E /* FontAwesome5_Regular.ttf */,
				C278565E1D974595BA23D76C /* FontAwesome5_Solid.ttf */,
				4ACB0B55280A4C3981E6805E /* Fontisto.ttf */,
				D072FDE73AE64EF0B478502A /* Foundation.ttf */,
				5685BAC1A3104AE2A51B3EDC /* Ionicons.ttf */,
				41586D77CA0648788E5D9E41 /* MaterialCommunityIcons.ttf */,
				EA065490FCC749D49D3FDECC /* MaterialIcons.ttf */,
				B675A3597C344E79BB46DA33 /* Octicons.ttf */,
				ACBC59B823A949BAAF8DED15 /* SimpleLineIcons.ttf */,
				A0E071268A824C0A81D629FF /* Zocial.ttf */,
				CF80F469806B494DA02E88F9 /* Poppins-Black.ttf */,
				026C07917B1541E5B4FDE8F8 /* Poppins-BlackItalic.ttf */,
				6429108EF0424C03AB4DCAC5 /* Poppins-Bold.ttf */,
				71C43EB78C72499597DF73EE /* Poppins-BoldItalic.ttf */,
				459B1E6DF21241E0B17524A4 /* Poppins-ExtraBold.ttf */,
				7AA44EDBE5584FEA8EFDEF33 /* Poppins-ExtraBoldItalic.ttf */,
				661FCA7E9ADA49249F72716A /* Poppins-ExtraLight.ttf */,
				07D674B2C20F46F8B6864B36 /* Poppins-ExtraLightItalic.ttf */,
				5B1A6FC904494B11A1D487EE /* Poppins-Italic.ttf */,
				22681ED991F44A76AAFF09E6 /* Poppins-Light.ttf */,
				02B57B57940349C1877E19A7 /* Poppins-LightItalic.ttf */,
				02D43C595CF94F1B8B851AB0 /* Poppins-Medium.ttf */,
				7B5FE4AB7718459D8A1BF66C /* Poppins-MediumItalic.ttf */,
				D1C8F1CBF39F4DF19F50664E /* Poppins-Regular.ttf */,
				E3C818DFE28E4C7FA9A1D076 /* Poppins-SemiBold.ttf */,
				710A8E5B0342472FAFF2C3C5 /* Poppins-SemiBoldItalic.ttf */,
				9C01A98F891A45D0B1F04794 /* Poppins-Thin.ttf */,
				E5CF063143164DE49AF00F5D /* Poppins-ThinItalic.ttf */,
				9278234CF5A64CE7839E04A4 /* Poppins-Black.ttf */,
				EC97452E44204D3083BEF95A /* Poppins-BlackItalic.ttf */,
				AA81634151944B00A8F416A8 /* Poppins-Bold.ttf */,
				EC090708218442AE977EAE37 /* Poppins-BoldItalic.ttf */,
				12C3D74A4170437799B5349C /* Poppins-ExtraBold.ttf */,
				918DE8BEC4EA4FA284C5AF6E /* Poppins-ExtraBoldItalic.ttf */,
				D8835763F80449E4BEE942B9 /* Poppins-ExtraLight.ttf */,
				4A1F13EF2CD4405199E0DE30 /* Poppins-ExtraLightItalic.ttf */,
				4F8C51F6818948AEA5D9AB83 /* Poppins-Italic.ttf */,
				BA49D9B85DF440E784642F84 /* Poppins-Light.ttf */,
				279B538FE3874A96B00DAD93 /* Poppins-LightItalic.ttf */,
				4E5FBB21049D49E8BB5AB11C /* Poppins-Medium.ttf */,
				5E6061DB0EAD4E74B637029D /* Poppins-MediumItalic.ttf */,
				73B9B6FB739F4438A13B1985 /* Poppins-Regular.ttf */,
				25F54ED2B4674581B75668E5 /* Poppins-SemiBold.ttf */,
				ADFEF77D9D224B7791D94127 /* Poppins-SemiBoldItalic.ttf */,
				109E0E8EE1054B2F940E78C7 /* Poppins-Thin.ttf */,
				A1ACC179C96F456CA9B7D0AB /* Poppins-ThinItalic.ttf */,
			);
			name = Resources;
			sourceTree = "<group>";
			path = "";
		};
/* End PBXGroup section */

/* Begin PBXNativeTarget section */
		00E356ED1AD99517003FC87E /* SBSTests */ = {
			isa = PBXNativeTarget;
			buildConfigurationList = 00E357021AD99517003FC87E /* Build configuration list for PBXNativeTarget "SBSTests" */;
			buildPhases = (
				00E356EA1AD99517003FC87E /* Sources */,
				00E356EB1AD99517003FC87E /* Frameworks */,
				00E356EC1AD99517003FC87E /* Resources */,
			);
			buildRules = (
			);
			dependencies = (
				00E356F51AD99517003FC87E /* PBXTargetDependency */,
			);
			name = SBSTests;
			productName = SBSTests;
			productReference = 00E356EE1AD99517003FC87E /* SBSTests.xctest */;
			productType = "com.apple.product-type.bundle.unit-test";
		};
		13B07F861A680F5B00A75B9A /* SBS */ = {
			isa = PBXNativeTarget;
			buildConfigurationList = 13B07F931A680F5B00A75B9A /* Build configuration list for PBXNativeTarget "SBS" */;
			buildPhases = (
				FD10A7F022414F080027D42C /* Start Packager */,
				13B07F871A680F5B00A75B9A /* Sources */,
				13B07F8C1A680F5B00A75B9A /* Frameworks */,
				13B07F8E1A680F5B00A75B9A /* Resources */,
				00DD1BFF1BD5951E006B06BC /* Bundle React Native code and images */,
			);
			buildRules = (
			);
			dependencies = (
			);
			name = SBS;
			productName = SBS;
			productReference = 13B07F961A680F5B00A75B9A /* SBS.app */;
			productType = "com.apple.product-type.application";
		};
/* End PBXNativeTarget section */

/* Begin PBXProject section */
		83CBB9F71A601CBA00E9B192 /* Project object */ = {
			isa = PBXProject;
			attributes = {
				LastUpgradeCheck = 1210;
				TargetAttributes = {
					00E356ED1AD99517003FC87E = {
						CreatedOnToolsVersion = 6.2;
						TestTargetID = 13B07F861A680F5B00A75B9A;
					};
					13B07F861A680F5B00A75B9A = {
						LastSwiftMigration = 1120;
					};
				};
			};
			buildConfigurationList = 83CBB9FA1A601CBA00E9B192 /* Build configuration list for PBXProject "SBS" */;
			compatibilityVersion = "Xcode 12.0";
			developmentRegion = en;
			hasScannedForEncodings = 0;
			knownRegions = (
				en,
				Base,
			);
			mainGroup = 83CBB9F61A601CBA00E9B192;
			productRefGroup = 83CBBA001A601CBA00E9B192 /* Products */;
			projectDirPath = "";
			projectRoot = "";
			targets = (
				13B07F861A680F5B00A75B9A /* SBS */,
				00E356ED1AD99517003FC87E /* SBSTests */,
			);
		};
/* End PBXProject section */

/* Begin PBXResourcesBuildPhase section */
		00E356EC1AD99517003FC87E /* Resources */ = {
			isa = PBXResourcesBuildPhase;
			buildActionMask = 2147483647;
			files = (
			);
			runOnlyForDeploymentPostprocessing = 0;
		};
		13B07F8E1A680F5B00A75B9A /* Resources */ = {
			isa = PBXResourcesBuildPhase;
			buildActionMask = 2147483647;
			files = (
				81AB9BB82411601600AC10FF /* LaunchScreen.storyboard in Resources */,
				13B07FBF1A68108700A75B9A /* Images.xcassets in Resources */,
				981BD895CCDE43E49ECC41FB /* AntDesign.ttf in Resources */,
				A0726B39276D4DEF93580D09 /* Entypo.ttf in Resources */,
				D2891717C3CF4FBBA16FF963 /* EvilIcons.ttf in Resources */,
				483F3B415BDE45C199427E6E /* Feather.ttf in Resources */,
				99244CB97BA1444CB0A04D7C /* FontAwesome.ttf in Resources */,
				1AE95CF5CD1A40D3B1507333 /* FontAwesome5_Brands.ttf in Resources */,
				C2C9198809514BF497D7C786 /* FontAwesome5_Regular.ttf in Resources */,
				A8238290223F41F892283989 /* FontAwesome5_Solid.ttf in Resources */,
				1E67DC6417C3434589887883 /* Fontisto.ttf in Resources */,
				005403480C4E4E57BB10485E /* Foundation.ttf in Resources */,
				CDC3A826715F4114822955F4 /* Ionicons.ttf in Resources */,
				1EF7D1A10E5245D2926DE0F7 /* MaterialCommunityIcons.ttf in Resources */,
				26FB6463B9A34CC89985136D /* MaterialIcons.ttf in Resources */,
				4B9F80CD4C4142CC96385A29 /* Octicons.ttf in Resources */,
				785B9DEB9CA54DCEA12756AD /* SimpleLineIcons.ttf in Resources */,
				2D4249E0B0D84B0696514D85 /* Zocial.ttf in Resources */,
				289A0069671D4C5A974ADDA4 /* Poppins-Black.ttf in Resources */,
				0E26850DD370463DBD049571 /* Poppins-BlackItalic.ttf in Resources */,
				12C054F4F9574A6A94287AB9 /* Poppins-Bold.ttf in Resources */,
				D890D6AC84284863B42CA985 /* Poppins-BoldItalic.ttf in Resources */,
				B2DA3E3B3307471F8A518C99 /* Poppins-ExtraBold.ttf in Resources */,
				84FB264E7F7C43AAB792DF00 /* Poppins-ExtraBoldItalic.ttf in Resources */,
				B78852FF04D4461E9C9BBB8F /* Poppins-ExtraLight.ttf in Resources */,
				9951034C3BFC45259EB524E4 /* Poppins-ExtraLightItalic.ttf in Resources */,
				F723801E85974DC9875BE44B /* Poppins-Italic.ttf in Resources */,
				38F275009E7248C7BDB0E389 /* Poppins-Light.ttf in Resources */,
				E38C877A738947619FCFAC21 /* Poppins-LightItalic.ttf in Resources */,
				5F32F5F81BA54C23998CCA9E /* Poppins-Medium.ttf in Resources */,
				4E5028F914BF42CFACF0A731 /* Poppins-MediumItalic.ttf in Resources */,
				017CBB29C7A546368522DE90 /* Poppins-Regular.ttf in Resources */,
				265C65488279477895E81230 /* Poppins-SemiBold.ttf in Resources */,
				CAEE72E1B2E744C2B8BCEAAC /* Poppins-SemiBoldItalic.ttf in Resources */,
				AF7E63EBD4674FD68F7D70A9 /* Poppins-Thin.ttf in Resources */,
				93FF0A6B0FF74DB4A9AB8FC4 /* Poppins-ThinItalic.ttf in Resources */,
				0ED79111912947F29230F491 /* Poppins-Black.ttf in Resources */,
				03B604C350544166A1760195 /* Poppins-BlackItalic.ttf in Resources */,
				3D666CCFFD88451389912DD3 /* Poppins-Bold.ttf in Resources */,
				91178759356549CEAA6A44F1 /* Poppins-BoldItalic.ttf in Resources */,
				4EFDCBEF7EC142CA98E7448C /* Poppins-ExtraBold.ttf in Resources */,
				641978BDACE34DCBB6E12217 /* Poppins-ExtraBoldItalic.ttf in Resources */,
				A117D388EC834B81BC443AB1 /* Poppins-ExtraLight.ttf in Resources */,
				48A90903F1B74563864BFC9A /* Poppins-ExtraLightItalic.ttf in Resources */,
				11FA636375624AF0A751443E /* Poppins-Italic.ttf in Resources */,
				42AB0E060F644845B5323AD4 /* Poppins-Light.ttf in Resources */,
				D6BF9B8B8947414AAC5AC509 /* Poppins-LightItalic.ttf in Resources */,
				ECD7533D231049F8857EF587 /* Poppins-Medium.ttf in Resources */,
				F3AC4AE9C3FE44B5A01EA273 /* Poppins-MediumItalic.ttf in Resources */,
				E190E622973840448821090B /* Poppins-Regular.ttf in Resources */,
				D462F518C6B84B4D8247843A /* Poppins-SemiBold.ttf in Resources */,
				D48FC2C78FBF4960B0E13C1F /* Poppins-SemiBoldItalic.ttf in Resources */,
				839351A00B284D2881E1FCF8 /* Poppins-Thin.ttf in Resources */,
				ABF148D7BC2C4BD2AA4CDDDF /* Poppins-ThinItalic.ttf in Resources */,
			);
			runOnlyForDeploymentPostprocessing = 0;
		};
/* End PBXResourcesBuildPhase section */

/* Begin PBXShellScriptBuildPhase section */
		00DD1BFF1BD5951E006B06BC /* Bundle React Native code and images */ = {
			isa = PBXShellScriptBuildPhase;
			buildActionMask = 2147483647;
			files = (
			);
			inputPaths = (
			);
			name = "Bundle React Native code and images";
			outputPaths = (
			);
			runOnlyForDeploymentPostprocessing = 0;
			shellPath = /bin/sh;
			shellScript = "set -e\n\nexport NODE_BINARY=node\n../node_modules/react-native/scripts/react-native-xcode.sh\n";
		};
		FD10A7F022414F080027D42C /* Start Packager */ = {
			isa = PBXShellScriptBuildPhase;
			buildActionMask = 2147483647;
			files = (
			);
			inputFileListPaths = (
			);
			inputPaths = (
			);
			name = "Start Packager";
			outputFileListPaths = (
			);
			outputPaths = (
			);
			runOnlyForDeploymentPostprocessing = 0;
			shellPath = /bin/sh;
			shellScript = "export RCT_METRO_PORT=\"${RCT_METRO_PORT:=8081}\"\necho \"export RCT_METRO_PORT=${RCT_METRO_PORT}\" > \"${SRCROOT}/../node_modules/react-native/scripts/.packager.env\"\nif [ -z \"${RCT_NO_LAUNCH_PACKAGER+xxx}\" ] ; then\n  if nc -w 5 -z localhost ${RCT_METRO_PORT} ; then\n    if ! curl -s \"http://localhost:${RCT_METRO_PORT}/status\" | grep -q \"packager-status:running\" ; then\n      echo \"Port ${RCT_METRO_PORT} already in use, packager is either not running or not running correctly\"\n      exit 2\n    fi\n  else\n    open \"$SRCROOT/../node_modules/react-native/scripts/launchPackager.command\" || echo \"Can't start packager automatically\"\n  fi\nfi\n";
			showEnvVarsInLog = 0;
		};
/* End PBXShellScriptBuildPhase section */

/* Begin PBXSourcesBuildPhase section */
		00E356EA1AD99517003FC87E /* Sources */ = {
			isa = PBXSourcesBuildPhase;
			buildActionMask = 2147483647;
			files = (
				00E356F31AD99517003FC87E /* SBSTests.m in Sources */,
			);
			runOnlyForDeploymentPostprocessing = 0;
		};
		13B07F871A680F5B00A75B9A /* Sources */ = {
			isa = PBXSourcesBuildPhase;
			buildActionMask = 2147483647;
			files = (
				13B07FBC1A68108700A75B9A /* AppDelegate.m in Sources */,
				13B07FC11A68108700A75B9A /* main.m in Sources */,
			);
			runOnlyForDeploymentPostprocessing = 0;
		};
/* End PBXSourcesBuildPhase section */

/* Begin PBXTargetDependency section */
		00E356F51AD99517003FC87E /* PBXTargetDependency */ = {
			isa = PBXTargetDependency;
			target = 13B07F861A680F5B00A75B9A /* SBS */;
			targetProxy = 00E356F41AD99517003FC87E /* PBXContainerItemProxy */;
		};
/* End PBXTargetDependency section */

/* Begin XCBuildConfiguration section */
		00E356F61AD99517003FC87E /* Debug */ = {
			isa = XCBuildConfiguration;
			buildSettings = {
				BUNDLE_LOADER = "$(TEST_HOST)";
				GCC_PREPROCESSOR_DEFINITIONS = (
					"DEBUG=1",
					"$(inherited)",
				);
				INFOPLIST_FILE = SBSTests/Info.plist;
				IPHONEOS_DEPLOYMENT_TARGET = 11.0;
				LD_RUNPATH_SEARCH_PATHS = (
					"$(inherited)",
					"@executable_path/Frameworks",
					"@loader_path/Frameworks",
				);
				OTHER_LDFLAGS = (
					"-ObjC",
					"-lc++",
					"$(inherited)",
				);
				PRODUCT_BUNDLE_IDENTIFIER = "org.reactjs.native.example.$(PRODUCT_NAME:rfc1034identifier)";
				PRODUCT_NAME = "$(TARGET_NAME)";
				TEST_HOST = "$(BUILT_PRODUCTS_DIR)/SBS.app/SBS";
			};
			name = Debug;
		};
		00E356F71AD99517003FC87E /* Release */ = {
			isa = XCBuildConfiguration;
			buildSettings = {
				BUNDLE_LOADER = "$(TEST_HOST)";
				COPY_PHASE_STRIP = NO;
				INFOPLIST_FILE = SBSTests/Info.plist;
				IPHONEOS_DEPLOYMENT_TARGET = 11.0;
				LD_RUNPATH_SEARCH_PATHS = (
					"$(inherited)",
					"@executable_path/Frameworks",
					"@loader_path/Frameworks",
				);
				OTHER_LDFLAGS = (
					"-ObjC",
					"-lc++",
					"$(inherited)",
				);
				PRODUCT_BUNDLE_IDENTIFIER = "org.reactjs.native.example.$(PRODUCT_NAME:rfc1034identifier)";
				PRODUCT_NAME = "$(TARGET_NAME)";
				TEST_HOST = "$(BUILT_PRODUCTS_DIR)/SBS.app/SBS";
			};
			name = Release;
		};
		13B07F941A680F5B00A75B9A /* Debug */ = {
			isa = XCBuildConfiguration;
			buildSettings = {
				ASSETCATALOG_COMPILER_APPICON_NAME = AppIcon;
				CLANG_ENABLE_MODULES = YES;
				CURRENT_PROJECT_VERSION = 1;
				ENABLE_BITCODE = NO;
				INFOPLIST_FILE = SBS/Info.plist;
				LD_RUNPATH_SEARCH_PATHS = (
					"$(inherited)",
					"@executable_path/Frameworks",
				);
				OTHER_LDFLAGS = (
					"$(inherited)",
					"-ObjC",
					"-lc++",
				);
				PRODUCT_BUNDLE_IDENTIFIER = "org.reactjs.native.example.$(PRODUCT_NAME:rfc1034identifier)";
				PRODUCT_NAME = SBS;
				SWIFT_OPTIMIZATION_LEVEL = "-Onone";
				SWIFT_VERSION = 5.0;
				VERSIONING_SYSTEM = "apple-generic";
			};
			name = Debug;
		};
		13B07F951A680F5B00A75B9A /* Release */ = {
			isa = XCBuildConfiguration;
			buildSettings = {
				ASSETCATALOG_COMPILER_APPICON_NAME = AppIcon;
				CLANG_ENABLE_MODULES = YES;
				CURRENT_PROJECT_VERSION = 1;
				INFOPLIST_FILE = SBS/Info.plist;
				LD_RUNPATH_SEARCH_PATHS = (
					"$(inherited)",
					"@executable_path/Frameworks",
				);
				OTHER_LDFLAGS = (
					"$(inherited)",
					"-ObjC",
					"-lc++",
				);
				PRODUCT_BUNDLE_IDENTIFIER = "org.reactjs.native.example.$(PRODUCT_NAME:rfc1034identifier)";
				PRODUCT_NAME = SBS;
				SWIFT_VERSION = 5.0;
				VERSIONING_SYSTEM = "apple-generic";
			};
			name = Release;
		};
		83CBBA201A601CBA00E9B192 /* Debug */ = {
			isa = XCBuildConfiguration;
			buildSettings = {
				ALWAYS_SEARCH_USER_PATHS = NO;
				CLANG_ANALYZER_LOCALIZABILITY_NONLOCALIZED = YES;
				CLANG_CXX_LANGUAGE_STANDARD = "gnu++0x";
				CLANG_CXX_LIBRARY = "libc++";
				CLANG_ENABLE_MODULES = YES;
				CLANG_ENABLE_OBJC_ARC = YES;
				CLANG_WARN_BLOCK_CAPTURE_AUTORELEASING = YES;
				CLANG_WARN_BOOL_CONVERSION = YES;
				CLANG_WARN_COMMA = YES;
				CLANG_WARN_CONSTANT_CONVERSION = YES;
				CLANG_WARN_DEPRECATED_OBJC_IMPLEMENTATIONS = YES;
				CLANG_WARN_DIRECT_OBJC_ISA_USAGE = YES_ERROR;
				CLANG_WARN_EMPTY_BODY = YES;
				CLANG_WARN_ENUM_CONVERSION = YES;
				CLANG_WARN_INFINITE_RECURSION = YES;
				CLANG_WARN_INT_CONVERSION = YES;
				CLANG_WARN_NON_LITERAL_NULL_CONVERSION = YES;
				CLANG_WARN_OBJC_IMPLICIT_RETAIN_SELF = YES;
				CLANG_WARN_OBJC_LITERAL_CONVERSION = YES;
				CLANG_WARN_OBJC_ROOT_CLASS = YES_ERROR;
				CLANG_WARN_QUOTED_INCLUDE_IN_FRAMEWORK_HEADER = YES;
				CLANG_WARN_RANGE_LOOP_ANALYSIS = YES;
				CLANG_WARN_STRICT_PROTOTYPES = YES;
				CLANG_WARN_SUSPICIOUS_MOVE = YES;
				CLANG_WARN_UNREACHABLE_CODE = YES;
				CLANG_WARN__DUPLICATE_METHOD_MATCH = YES;
				"CODE_SIGN_IDENTITY[sdk=iphoneos*]" = "iPhone Developer";
				COPY_PHASE_STRIP = NO;
				ENABLE_STRICT_OBJC_MSGSEND = YES;
				ENABLE_TESTABILITY = YES;
				GCC_C_LANGUAGE_STANDARD = gnu99;
				GCC_DYNAMIC_NO_PIC = NO;
				GCC_NO_COMMON_BLOCKS = YES;
				GCC_OPTIMIZATION_LEVEL = 0;
				GCC_PREPROCESSOR_DEFINITIONS = (
					"DEBUG=1",
					"$(inherited)",
				);
				GCC_SYMBOLS_PRIVATE_EXTERN = NO;
				GCC_WARN_64_TO_32_BIT_CONVERSION = YES;
				GCC_WARN_ABOUT_RETURN_TYPE = YES_ERROR;
				GCC_WARN_UNDECLARED_SELECTOR = YES;
				GCC_WARN_UNINITIALIZED_AUTOS = YES_AGGRESSIVE;
				GCC_WARN_UNUSED_FUNCTION = YES;
				GCC_WARN_UNUSED_VARIABLE = YES;
				IPHONEOS_DEPLOYMENT_TARGET = 11.0;
				LD_RUNPATH_SEARCH_PATHS = (
					/usr/lib/swift,
					"$(inherited)",
				);
				LIBRARY_SEARCH_PATHS = (
					"\"$(SDKROOT)/usr/lib/swift\"",
					"\"$(TOOLCHAIN_DIR)/usr/lib/swift/$(PLATFORM_NAME)\"",
					"\"$(TOOLCHAIN_DIR)/usr/lib/swift-5.0/$(PLATFORM_NAME)\"",
					"\"$(inherited)\"",
				);
				MTL_ENABLE_DEBUG_INFO = YES;
				ONLY_ACTIVE_ARCH = YES;
				SDKROOT = iphoneos;
			};
			name = Debug;
		};
		83CBBA211A601CBA00E9B192 /* Release */ = {
			isa = XCBuildConfiguration;
			buildSettings = {
				ALWAYS_SEARCH_USER_PATHS = NO;
				CLANG_ANALYZER_LOCALIZABILITY_NONLOCALIZED = YES;
				CLANG_CXX_LANGUAGE_STANDARD = "gnu++0x";
				CLANG_CXX_LIBRARY = "libc++";
				CLANG_ENABLE_MODULES = YES;
				CLANG_ENABLE_OBJC_ARC = YES;
				CLANG_WARN_BLOCK_CAPTURE_AUTORELEASING = YES;
				CLANG_WARN_BOOL_CONVERSION = YES;
				CLANG_WARN_COMMA = YES;
				CLANG_WARN_CONSTANT_CONVERSION = YES;
				CLANG_WARN_DEPRECATED_OBJC_IMPLEMENTATIONS = YES;
				CLANG_WARN_DIRECT_OBJC_ISA_USAGE = YES_ERROR;
				CLANG_WARN_EMPTY_BODY = YES;
				CLANG_WARN_ENUM_CONVERSION = YES;
				CLANG_WARN_INFINITE_RECURSION = YES;
				CLANG_WARN_INT_CONVERSION = YES;
				CLANG_WARN_NON_LITERAL_NULL_CONVERSION = YES;
				CLANG_WARN_OBJC_IMPLICIT_RETAIN_SELF = YES;
				CLANG_WARN_OBJC_LITERAL_CONVERSION = YES;
				CLANG_WARN_OBJC_ROOT_CLASS = YES_ERROR;
				CLANG_WARN_QUOTED_INCLUDE_IN_FRAMEWORK_HEADER = YES;
				CLANG_WARN_RANGE_LOOP_ANALYSIS = YES;
				CLANG_WARN_STRICT_PROTOTYPES = YES;
				CLANG_WARN_SUSPICIOUS_MOVE = YES;
				CLANG_WARN_UNREACHABLE_CODE = YES;
				CLANG_WARN__DUPLICATE_METHOD_MATCH = YES;
				"CODE_SIGN_IDENTITY[sdk=iphoneos*]" = "iPhone Developer";
				COPY_PHASE_STRIP = YES;
				ENABLE_NS_ASSERTIONS = NO;
				ENABLE_STRICT_OBJC_MSGSEND = YES;
				GCC_C_LANGUAGE_STANDARD = gnu99;
				GCC_NO_COMMON_BLOCKS = YES;
				GCC_WARN_64_TO_32_BIT_CONVERSION = YES;
				GCC_WARN_ABOUT_RETURN_TYPE = YES_ERROR;
				GCC_WARN_UNDECLARED_SELECTOR = YES;
				GCC_WARN_UNINITIALIZED_AUTOS = YES_AGGRESSIVE;
				GCC_WARN_UNUSED_FUNCTION = YES;
				GCC_WARN_UNUSED_VARIABLE = YES;
				IPHONEOS_DEPLOYMENT_TARGET = 11.0;
				LD_RUNPATH_SEARCH_PATHS = (
					/usr/lib/swift,
					"$(inherited)",
				);
				LIBRARY_SEARCH_PATHS = (
					"\"$(SDKROOT)/usr/lib/swift\"",
					"\"$(TOOLCHAIN_DIR)/usr/lib/swift/$(PLATFORM_NAME)\"",
					"\"$(TOOLCHAIN_DIR)/usr/lib/swift-5.0/$(PLATFORM_NAME)\"",
					"\"$(inherited)\"",
				);
				MTL_ENABLE_DEBUG_INFO = NO;
				SDKROOT = iphoneos;
				VALIDATE_PRODUCT = YES;
			};
			name = Release;
		};
/* End XCBuildConfiguration section */

/* Begin XCConfigurationList section */
		00E357021AD99517003FC87E /* Build configuration list for PBXNativeTarget "SBSTests" */ = {
			isa = XCConfigurationList;
			buildConfigurations = (
				00E356F61AD99517003FC87E /* Debug */,
				00E356F71AD99517003FC87E /* Release */,
			);
			defaultConfigurationIsVisible = 0;
			defaultConfigurationName = Release;
		};
		13B07F931A680F5B00A75B9A /* Build configuration list for PBXNativeTarget "SBS" */ = {
			isa = XCConfigurationList;
			buildConfigurations = (
				13B07F941A680F5B00A75B9A /* Debug */,
				13B07F951A680F5B00A75B9A /* Release */,
			);
			defaultConfigurationIsVisible = 0;
			defaultConfigurationName = Release;
		};
		83CBB9FA1A601CBA00E9B192 /* Build configuration list for PBXProject "SBS" */ = {
			isa = XCConfigurationList;
			buildConfigurations = (
				83CBBA201A601CBA00E9B192 /* Debug */,
				83CBBA211A601CBA00E9B192 /* Release */,
			);
			defaultConfigurationIsVisible = 0;
			defaultConfigurationName = Release;
		};
/* End XCConfigurationList section */
	};
	rootObject = 83CBB9F71A601CBA00E9B192 /* Project object */;
}
